Microsoft Visual Studio Solution File, Format Version 11.00
# Visual Studio 2008

Project("{5B4801CE-AC17-44F3-7AAA-D53310A5EAC3}") = "messing around", "Assembly-CSharp.csproj", "{35C65AA7-A606-EDBB-FE65-A8BD7FB8E9B8}"
EndProject
Global
	GlobalSection(SolutionConfigurationPlatforms) = preSolution
		Debug|Any CPU = Debug|Any CPU
		Release|Any CPU = Release|Any CPU
	EndGlobalSection
	GlobalSection(ProjectConfigurationPlatforms) = postSolution
		{35C65AA7-A606-EDBB-FE65-A8BD7FB8E9B8}.Debug|Any CPU.ActiveCfg = Debug|Any CPU
		{35C65AA7-A606-EDBB-FE65-A8BD7FB8E9B8}.Debug|Any CPU.Build.0 = Debug|Any CPU
		{35C65AA7-A606-EDBB-FE65-A8BD7FB8E9B8}.Release|Any CPU.ActiveCfg = Release|Any CPU
		{35C65AA7-A606-EDBB-FE65-A8BD7FB8E9B8}.Release|Any CPU.Build.0 = Release|Any CPU
	EndGlobalSection
	GlobalSection(SolutionProperties) = preSolution
		HideSolutionNode = FALSE
	EndGlobalSection
	GlobalSection(MonoDevelopProperties) = preSolution
		StartupItem = Assembly-CSharp.csproj
	EndGlobalSection
EndGlobal
